
Microsoft Visual Studio Solution File, Format Version 12.00
# Visual Studio Version 16
VisualStudioVersion = 16.0.31729.503
MinimumVisualStudioVersion = 10.0.40219.1
Project("{FAE04EC0-301F-11D3-BF4B-00C04F79EFBC}") = "ödevson", "ödevson\ödevson.csproj", "{257D7960-9241-4B60-983D-9FA7C93D16B7}"
EndProject
Global
	GlobalSection(SolutionConfigurationPlatforms) = preSolution
		Debug|Any CPU = Debug|Any CPU
		Release|Any CPU = Release|Any CPU
	EndGlobalSection
	GlobalSection(ProjectConfigurationPlatforms) = postSolution
		{257D7960-9241-4B60-983D-9FA7C93D16B7}.Debug|Any CPU.ActiveCfg = Debug|Any CPU
		{257D7960-9241-4B60-983D-9FA7C93D16B7}.Debug|Any CPU.Build.0 = Debug|Any CPU
		{257D7960-9241-4B60-983D-9FA7C93D16B7}.Release|Any CPU.ActiveCfg = Release|Any CPU
		{257D7960-9241-4B60-983D-9FA7C93D16B7}.Release|Any CPU.Build.0 = Release|Any CPU
	EndGlobalSection
	GlobalSection(SolutionProperties) = preSolution
		HideSolutionNode = FALSE
	EndGlobalSection
	GlobalSection(ExtensibilityGlobals) = postSolution
		SolutionGuid = {6ABE91BF-28B1-46CC-A031-515E046AB567}
	EndGlobalSection
EndGlobal
